
Microsoft Visual Studio Solution File, Format Version 12.00
# Visual Studio Version 17
VisualStudioVersion = 17.5.002.0
MinimumVisualStudioVersion = 10.0.40219.1
Project("{9A19103F-16F7-4668-BE54-9A1E7A4F7556}") = "Vfi.Ui.Mvc.Vfi", "Vfi.Ui.Mvc.Vfi.csproj", "{CA937B2B-C0F8-4BBF-8422-3DD49CB581BA}"
EndProject
Global
	GlobalSection(SolutionConfigurationPlatforms) = preSolution
		Debug|Any CPU = Debug|Any CPU
		Release|Any CPU = Release|Any CPU
	EndGlobalSection
	GlobalSection(ProjectConfigurationPlatforms) = postSolution
		{CA937B2B-C0F8-4BBF-8422-3DD49CB581BA}.Debug|Any CPU.ActiveCfg = Debug|Any CPU
		{CA937B2B-C0F8-4BBF-8422-3DD49CB581BA}.Debug|Any CPU.Build.0 = Debug|Any CPU
		{CA937B2B-C0F8-4BBF-8422-3DD49CB581BA}.Release|Any CPU.ActiveCfg = Release|Any CPU
		{CA937B2B-C0F8-4BBF-8422-3DD49CB581BA}.Release|Any CPU.Build.0 = Release|Any CPU
	EndGlobalSection
	GlobalSection(SolutionProperties) = preSolution
		HideSolutionNode = FALSE
	EndGlobalSection
	GlobalSection(ExtensibilityGlobals) = postSolution
		SolutionGuid = {95A909DD-8DAF-42C4-81A9-F8BACFFE3D33}
	EndGlobalSection
EndGlobal
